Microsoft Visual Studio Solution File, Format Version 12.00
# Visual Studio Version 17
VisualStudioVersion = 17.5.2.0
MinimumVisualStudioVersion = 10.0.40219.1
Project("{FAE04EC0-301F-11D3-BF4B-00C04F79EFBC}") = "StreamDeck+ HID parsing", "StreamDeck+ HID parsing.csproj", "{0E79875A-7E3B-4EDC-B7F6-780D9B14CF36}"
EndProject
Global
	GlobalSection(SolutionConfigurationPlatforms) = preSolution
		Debug|Any CPU = Debug|Any CPU
		Release|Any CPU = Release|Any CPU
	EndGlobalSection
	GlobalSection(ProjectConfigurationPlatforms) = postSolution
		{0E79875A-7E3B-4EDC-B7F6-780D9B14CF36}.Debug|Any CPU.ActiveCfg = Debug|Any CPU
		{0E79875A-7E3B-4EDC-B7F6-780D9B14CF36}.Debug|Any CPU.Build.0 = Debug|Any CPU
		{0E79875A-7E3B-4EDC-B7F6-780D9B14CF36}.Release|Any CPU.ActiveCfg = Release|Any CPU
		{0E79875A-7E3B-4EDC-B7F6-780D9B14CF36}.Release|Any CPU.Build.0 = Release|Any CPU
	EndGlobalSection
	GlobalSection(SolutionProperties) = preSolution
		HideSolutionNode = FALSE
	EndGlobalSection
	GlobalSection(ExtensibilityGlobals) = postSolution
		SolutionGuid = {932AB503-5936-4AB3-9B50-34BCD796DEE5}
	EndGlobalSection
EndGlobal
